
Microsoft Visual Studio Solution File, Format Version 12.00
# Visual Studio Version 16
VisualStudioVersion = 16.0.30907.101
MinimumVisualStudioVersion = 10.0.40219.1
Project("{8BC9CEB8-8B4A-11D0-8D11-00A0C91BC942}") = "SimpleRayTracer", "SimpleRayTracer.vcxproj", "{AE077B80-D6C9-4439-9A23-7E2DE40BF803}"
EndProject
Global
	GlobalSection(SolutionConfigurationPlatforms) = preSolution
		Debug|x64 = Debug|x64
		Debug|x86 = Debug|x86
		Release|x64 = Release|x64
		Release|x86 = Release|x86
	EndGlobalSection
	GlobalSection(ProjectConfigurationPlatforms) = postSolution
		{AE077B80-D6C9-4439-9A23-7E2DE40BF803}.Debug|x64.ActiveCfg = Debug|x64
		{AE077B80-D6C9-4439-9A23-7E2DE40BF803}.Debug|x64.Build.0 = Debug|x64
		{AE077B80-D6C9-4439-9A23-7E2DE40BF803}.Debug|x86.ActiveCfg = Debug|Win32
		{AE077B80-D6C9-4439-9A23-7E2DE40BF803}.Debug|x86.Build.0 = Debug|Win32
		{AE077B80-D6C9-4439-9A23-7E2DE40BF803}.Release|x64.ActiveCfg = Release|x64
		{AE077B80-D6C9-4439-9A23-7E2DE40BF803}.Release|x64.Build.0 = Release|x64
		{AE077B80-D6C9-4439-9A23-7E2DE40BF803}.Release|x86.ActiveCfg = Release|Win32
		{AE077B80-D6C9-4439-9A23-7E2DE40BF803}.Release|x86.Build.0 = Release|Win32
	EndGlobalSection
	GlobalSection(SolutionProperties) = preSolution
		HideSolutionNode = FALSE
	EndGlobalSection
	GlobalSection(ExtensibilityGlobals) = postSolution
		SolutionGuid = {EC81D15A-370D-4050-A727-3C53A845857A}
	EndGlobalSection
EndGlobal
